
Microsoft Visual Studio Solution File, Format Version 12.00
# Visual Studio Version 18
VisualStudioVersion = 18.2.11408.102 d18.0
MinimumVisualStudioVersion = 10.0.40219.1
Project("{FAE04EC0-301F-11D3-BF4B-00C04F79EFBC}") = "Wedding.WebApi", "Wedding.WebApi\Wedding.WebApi.csproj", "{CA5B3399-34A9-46E6-ABF2-45CB2635E885}"
EndProject
Global
	GlobalSection(SolutionConfigurationPlatforms) = preSolution
		Debug|Any CPU = Debug|Any CPU
		Release|Any CPU = Release|Any CPU
	EndGlobalSection
	GlobalSection(ProjectConfigurationPlatforms) = postSolution
		{CA5B3399-34A9-46E6-ABF2-45CB2635E885}.Debug|Any CPU.ActiveCfg = Debug|Any CPU
		{CA5B3399-34A9-46E6-ABF2-45CB2635E885}.Debug|Any CPU.Build.0 = Debug|Any CPU
		{CA5B3399-34A9-46E6-ABF2-45CB2635E885}.Release|Any CPU.ActiveCfg = Release|Any CPU
		{CA5B3399-34A9-46E6-ABF2-45CB2635E885}.Release|Any CPU.Build.0 = Release|Any CPU
	EndGlobalSection
	GlobalSection(SolutionProperties) = preSolution
		HideSolutionNode = FALSE
	EndGlobalSection
	GlobalSection(ExtensibilityGlobals) = postSolution
		SolutionGuid = {1BB36C61-552B-4A9D-9F72-0D56FFA82A04}
	EndGlobalSection
EndGlobal
